<?xml version="1.0" encoding="utf-8"?>
<Project ToolsVersion="4.0" xmlns="http://schemas.microsoft.com/developer/msbuild/2003">
  <ItemGroup>
    <Filter Include="3rd">
      <UniqueIdentifier>{f637c29a-b27d-495f-9cda-40f07cf90a2a}</UniqueIdentifier>
    </Filter>
    <Filter Include="3rd\imgui">
      <UniqueIdentifier>{8e884bc7-16dc-46a5-bca2-8fb71ee0ae1c}</UniqueIdentifier>
    </Filter>
    <Filter Include="3rd\gl3w">
      <UniqueIdentifier>{1670ad01-7ac5-44b2-b041-993186698cf8}</UniqueIdentifier>
    </Filter>
    <Filter Include="Source">
      <UniqueIdentifier>{4FC737F1-C7A5-4376-A066-2A32D752A2FF}</UniqueIdentifier>
      <Extensions>cpp;c;cc;cxx;c++;def;odl;idl;hpj;bat;asm;asmx</Extensions>
    </Filter>
    <Filter Include="Source\base">
      <UniqueIdentifier>{49c0439d-00e9-4029-8dac-fa80ea5ba232}</UniqueIdentifier>
    </Filter>
    <Filter Include="Source\utils">
      <UniqueIdentifier>{4cc5c954-122a-467e-b879-28f07b3f4924}</UniqueIdentifier>
    </Filter>
    <Filter Include="Source\game">
      <UniqueIdentifier>{bc719a03-65ab-451e-a120-4dc9072aa654}</UniqueIdentifier>
    </Filter>
    <Filter Include="Source\game\manager">
      <UniqueIdentifier>{441a1576-9837-4f2f-9e87-1930874d5e9b}</UniqueIdentifier>
    </Filter>
    <Filter Include="Source\game\mvc">
      <UniqueIdentifier>{d5ce3ed0-b2d4-4af9-9bb8-66cea0894cf3}</UniqueIdentifier>
    </Filter>
    <Filter Include="Source\game\gameplay">
      <UniqueIdentifier>{3ba99269-8134-4eee-93cc-ea05c4d86f73}</UniqueIdentifier>
    </Filter>
    <Filter Include="Source\GUI">
      <UniqueIdentifier>{bfedb922-ab9a-4287-9f80-3222c801c85d}</UniqueIdentifier>
    </Filter>
    <Filter Include="Source\game\workflow">
      <UniqueIdentifier>{b9ec9e7a-063e-481a-be7d-e5c532fbfef8}</UniqueIdentifier>
    </Filter>
    <Filter Include="Source\game\renderer">
      <UniqueIdentifier>{86bb098e-3bec-43a0-9b99-369e60ffc94b}</UniqueIdentifier>
    </Filter>
  </ItemGroup>
  <ItemGroup>
    <ClCompile Include="Source\main.cpp">
      <Filter>Source</Filter>
    </ClCompile>
    <ClCompile Include="..\3rd\imgui\backends\imgui_impl_sdl.cpp">
      <Filter>3rd\imgui</Filter>
    </ClCompile>
    <ClCompile Include="..\3rd\imgui\backends\imgui_impl_opengl3.cpp">
      <Filter>3rd\imgui</Filter>
    </ClCompile>
    <ClCompile Include="..\3rd\imgui\imgui.cpp">
      <Filter>3rd\imgui</Filter>
    </ClCompile>
    <ClCompile Include="..\3rd\imgui\imgui_demo.cpp">
      <Filter>3rd\imgui</Filter>
    </ClCompile>
    <ClCompile Include="..\3rd\imgui\imgui_draw.cpp">
      <Filter>3rd\imgui</Filter>
    </ClCompile>
    <ClCompile Include="..\3rd\imgui\imgui_tables.cpp">
      <Filter>3rd\imgui</Filter>
    </ClCompile>
    <ClCompile Include="..\3rd\imgui\imgui_widgets.cpp">
      <Filter>3rd\imgui</Filter>
    </ClCompile>
    <ClCompile Include="..\3rd\imgui\examples\libs\gl3w\GL\gl3w.c">
      <Filter>3rd\gl3w</Filter>
    </ClCompile>
    <ClCompile Include="Source\Application.cpp">
      <Filter>Source\base</Filter>
    </ClCompile>
    <ClCompile Include="Source\RenderManager.cpp">
      <Filter>Source\game\manager</Filter>
    </ClCompile>
    <ClCompile Include="Source\ManagerBase.cpp">
      <Filter>Source\game\manager</Filter>
    </ClCompile>
    <ClCompile Include="Source\EventManager.cpp">
      <Filter>Source\game\manager</Filter>
    </ClCompile>
    <ClCompile Include="Source\WorkflowManager.cpp">
      <Filter>Source\game\manager</Filter>
    </ClCompile>
    <ClCompile Include="Source\Delegate.cpp">
      <Filter>Source\base</Filter>
    </ClCompile>
    <ClCompile Include="Source\mvc\EventDefine.cpp">
      <Filter>Source\game\mvc</Filter>
    </ClCompile>
    <ClCompile Include="Source\XApplication.cpp">
      <Filter>Source\game</Filter>
    </ClCompile>
    <ClCompile Include="Source\Game.cpp">
      <Filter>Source\game</Filter>
    </ClCompile>
    <ClCompile Include="Source\Global.cpp">
      <Filter>Source\game</Filter>
    </ClCompile>
    <ClCompile Include="Source\GUI.cpp">
      <Filter>Source\game</Filter>
    </ClCompile>
    <ClCompile Include="Source\renderer\Node.cpp">
      <Filter>Source\game\renderer</Filter>
    </ClCompile>
    <ClCompile Include="Source\renderer\RectNode.cpp">
      <Filter>Source\game\renderer</Filter>
    </ClCompile>
  </ItemGroup>
  <ItemGroup>
    <ClInclude Include="..\3rd\imgui\backends\imgui_impl_sdl.h">
      <Filter>3rd\imgui</Filter>
    </ClInclude>
    <ClInclude Include="..\3rd\imgui\backends\imgui_impl_opengl3.h">
      <Filter>3rd\imgui</Filter>
    </ClInclude>
    <ClInclude Include="..\3rd\imgui\imgui.h">
      <Filter>3rd\imgui</Filter>
    </ClInclude>
    <ClInclude Include="..\3rd\imgui\imgui_internal.h">
      <Filter>3rd\imgui</Filter>
    </ClInclude>
    <ClInclude Include="..\3rd\imgui\examples\libs\gl3w\GL\gl3w.h">
      <Filter>3rd\gl3w</Filter>
    </ClInclude>
    <ClInclude Include="..\3rd\imgui\examples\libs\gl3w\GL\glcorearb.h">
      <Filter>3rd\gl3w</Filter>
    </ClInclude>
    <ClInclude Include="Source\Application.h">
      <Filter>Source\base</Filter>
    </ClInclude>
    <ClInclude Include="Source\RenderManager.h">
      <Filter>Source\game\manager</Filter>
    </ClInclude>
    <ClInclude Include="Source\ManagerBase.h">
      <Filter>Source\game\manager</Filter>
    </ClInclude>
    <ClInclude Include="Source\utils\Vector.hpp">
      <Filter>Source\utils</Filter>
    </ClInclude>
    <ClInclude Include="Source\EventManager.h">
      <Filter>Source\game\manager</Filter>
    </ClInclude>
    <ClInclude Include="Source\WorkflowManager.h">
      <Filter>Source\game\manager</Filter>
    </ClInclude>
    <ClInclude Include="Source\Delegate.h">
      <Filter>Source\base</Filter>
    </ClInclude>
    <ClInclude Include="Source\mvc\EventDefine.h">
      <Filter>Source\game\mvc</Filter>
    </ClInclude>
    <ClInclude Include="Source\XApplication.h">
      <Filter>Source\game</Filter>
    </ClInclude>
    <ClInclude Include="Source\Game.h">
      <Filter>Source\game</Filter>
    </ClInclude>
    <ClInclude Include="Source\GUI.h">
      <Filter>Source\game</Filter>
    </ClInclude>
    <ClInclude Include="Source\Global.h">
      <Filter>Source\game</Filter>
    </ClInclude>
    <ClInclude Include="Source\renderer\Node.h">
      <Filter>Source\game\renderer</Filter>
    </ClInclude>
    <ClInclude Include="Source\renderer\RectNode.h">
      <Filter>Source\game\renderer</Filter>
    </ClInclude>
  </ItemGroup>
</Project>